
Microsoft Visual Studio Solution File, Format Version 12.00
# Visual Studio Version 17
VisualStudioVersion = 17.3.32929.385
MinimumVisualStudioVersion = 10.0.40219.1
Project("{FAE04EC0-301F-11D3-BF4B-00C04F79EFBC}") = "EMedicineBackEnd", "EMedicineBackEnd\EMedicineBackEnd.csproj", "{8D06D638-2C7B-402A-88B4-15A425025122}"
EndProject
Global
	GlobalSection(SolutionConfigurationPlatforms) = preSolution
		Debug|Any CPU = Debug|Any CPU
		Release|Any CPU = Release|Any CPU
	EndGlobalSection
	GlobalSection(ProjectConfigurationPlatforms) = postSolution
		{8D06D638-2C7B-402A-88B4-15A425025122}.Debug|Any CPU.ActiveCfg = Debug|Any CPU
		{8D06D638-2C7B-402A-88B4-15A425025122}.Debug|Any CPU.Build.0 = Debug|Any CPU
		{8D06D638-2C7B-402A-88B4-15A425025122}.Release|Any CPU.ActiveCfg = Release|Any CPU
		{8D06D638-2C7B-402A-88B4-15A425025122}.Release|Any CPU.Build.0 = Release|Any CPU
	EndGlobalSection
	GlobalSection(SolutionProperties) = preSolution
		HideSolutionNode = FALSE
	EndGlobalSection
	GlobalSection(ExtensibilityGlobals) = postSolution
		SolutionGuid = {155426F0-1010-4B9E-BBC3-37BEABA319BD}
	EndGlobalSection
EndGlobal
